
Microsoft Visual Studio Solution File, Format Version 12.00
# Visual Studio Version 16
VisualStudioVersion = 16.0.31005.135
MinimumVisualStudioVersion = 10.0.40219.1
Project("{FAE04EC0-301F-11D3-BF4B-00C04F79EFBC}") = "GlucoVault.Android", "GlucoVault\GlucoVault.Android\GlucoVault.Android.csproj", "{34D2ADB9-EBBD-40F4-BB75-F3CA1A786742}"
EndProject
Project("{FAE04EC0-301F-11D3-BF4B-00C04F79EFBC}") = "GlucoVault.iOS", "GlucoVault\GlucoVault.iOS\GlucoVault.iOS.csproj", "{0882110C-C10A-42E6-A08A-0C6BFD37F32E}"
EndProject
Project("{FAE04EC0-301F-11D3-BF4B-00C04F79EFBC}") = "GlucoVault", "GlucoVault\GlucoVault\GlucoVault.csproj", "{235C79A0-E1C2-4F22-A52D-8AB28F7703CB}"
EndProject
Global
	GlobalSection(SolutionConfigurationPlatforms) = preSolution
		Debug|Any CPU = Debug|Any CPU
		Debug|iPhone = Debug|iPhone
		Debug|iPhoneSimulator = Debug|iPhoneSimulator
		Release|Any CPU = Release|Any CPU
		Release|iPhone = Release|iPhone
		Release|iPhoneSimulator = Release|iPhoneSimulator
	EndGlobalSection
	GlobalSection(ProjectConfigurationPlatforms) = postSolution
		{34D2ADB9-EBBD-40F4-BB75-F3CA1A786742}.Debug|Any CPU.ActiveCfg = Debug|Any CPU
		{34D2ADB9-EBBD-40F4-BB75-F3CA1A786742}.Debug|Any CPU.Build.0 = Debug|Any CPU
		{34D2ADB9-EBBD-40F4-BB75-F3CA1A786742}.Debug|Any CPU.Deploy.0 = Debug|Any CPU
		{34D2ADB9-EBBD-40F4-BB75-F3CA1A786742}.Debug|iPhone.ActiveCfg = Debug|Any CPU
		{34D2ADB9-EBBD-40F4-BB75-F3CA1A786742}.Debug|iPhone.Build.0 = Debug|Any CPU
		{34D2ADB9-EBBD-40F4-BB75-F3CA1A786742}.Debug|iPhone.Deploy.0 = Debug|Any CPU
		{34D2ADB9-EBBD-40F4-BB75-F3CA1A786742}.Debug|iPhoneSimulator.ActiveCfg = Debug|Any CPU
		{34D2ADB9-EBBD-40F4-BB75-F3CA1A786742}.Debug|iPhoneSimulator.Build.0 = Debug|Any CPU
		{34D2ADB9-EBBD-40F4-BB75-F3CA1A786742}.Debug|iPhoneSimulator.Deploy.0 = Debug|Any CPU
		{34D2ADB9-EBBD-40F4-BB75-F3CA1A786742}.Release|Any CPU.ActiveCfg = Release|Any CPU
		{34D2ADB9-EBBD-40F4-BB75-F3CA1A786742}.Release|Any CPU.Build.0 = Release|Any CPU
		{34D2ADB9-EBBD-40F4-BB75-F3CA1A786742}.Release|Any CPU.Deploy.0 = Release|Any CPU
		{34D2ADB9-EBBD-40F4-BB75-F3CA1A786742}.Release|iPhone.ActiveCfg = Release|Any CPU
		{34D2ADB9-EBBD-40F4-BB75-F3CA1A786742}.Release|iPhone.Build.0 = Release|Any CPU
		{34D2ADB9-EBBD-40F4-BB75-F3CA1A786742}.Release|iPhone.Deploy.0 = Release|Any CPU
		{34D2ADB9-EBBD-40F4-BB75-F3CA1A786742}.Release|iPhoneSimulator.ActiveCfg = Release|Any CPU
		{34D2ADB9-EBBD-40F4-BB75-F3CA1A786742}.Release|iPhoneSimulator.Build.0 = Release|Any CPU
		{34D2ADB9-EBBD-40F4-BB75-F3CA1A786742}.Release|iPhoneSimulator.Deploy.0 = Release|Any CPU
		{0882110C-C10A-42E6-A08A-0C6BFD37F32E}.Debug|Any CPU.ActiveCfg = Debug|iPhone
		{0882110C-C10A-42E6-A08A-0C6BFD37F32E}.Debug|Any CPU.Build.0 = Debug|iPhone
		{0882110C-C10A-42E6-A08A-0C6BFD37F32E}.Debug|Any CPU.Deploy.0 = Debug|iPhone
		{0882110C-C10A-42E6-A08A-0C6BFD37F32E}.Debug|iPhone.ActiveCfg = Debug|iPhone
		{0882110C-C10A-42E6-A08A-0C6BFD37F32E}.Debug|iPhone.Build.0 = Debug|iPhone
		{0882110C-C10A-42E6-A08A-0C6BFD37F32E}.Debug|iPhone.Deploy.0 = Debug|iPhone
		{0882110C-C10A-42E6-A08A-0C6BFD37F32E}.Debug|iPhoneSimulator.ActiveCfg = Debug|iPhoneSimulator
		{0882110C-C10A-42E6-A08A-0C6BFD37F32E}.Debug|iPhoneSimulator.Build.0 = Debug|iPhoneSimulator
		{0882110C-C10A-42E6-A08A-0C6BFD37F32E}.Debug|iPhoneSimulator.Deploy.0 = Debug|iPhoneSimulator
		{0882110C-C10A-42E6-A08A-0C6BFD37F32E}.Release|Any CPU.ActiveCfg = Release|iPhoneSimulator
		{0882110C-C10A-42E6-A08A-0C6BFD37F32E}.Release|Any CPU.Build.0 = Release|iPhoneSimulator
		{0882110C-C10A-42E6-A08A-0C6BFD37F32E}.Release|Any CPU.Deploy.0 = Release|iPhoneSimulator
		{0882110C-C10A-42E6-A08A-0C6BFD37F32E}.Release|iPhone.ActiveCfg = Release|iPhone
		{0882110C-C10A-42E6-A08A-0C6BFD37F32E}.Release|iPhone.Build.0 = Release|iPhone
		{0882110C-C10A-42E6-A08A-0C6BFD37F32E}.Release|iPhone.Deploy.0 = Release|iPhone
		{0882110C-C10A-42E6-A08A-0C6BFD37F32E}.Release|iPhoneSimulator.ActiveCfg = Release|iPhoneSimulator
		{0882110C-C10A-42E6-A08A-0C6BFD37F32E}.Release|iPhoneSimulator.Build.0 = Release|iPhoneSimulator
		{0882110C-C10A-42E6-A08A-0C6BFD37F32E}.Release|iPhoneSimulator.Deploy.0 = Release|iPhoneSimulator
		{235C79A0-E1C2-4F22-A52D-8AB28F7703CB}.Debug|Any CPU.ActiveCfg = Debug|Any CPU
		{235C79A0-E1C2-4F22-A52D-8AB28F7703CB}.Debug|Any CPU.Build.0 = Debug|Any CPU
		{235C79A0-E1C2-4F22-A52D-8AB28F7703CB}.Debug|Any CPU.Deploy.0 = Debug|Any CPU
		{235C79A0-E1C2-4F22-A52D-8AB28F7703CB}.Debug|iPhone.ActiveCfg = Debug|Any CPU
		{235C79A0-E1C2-4F22-A52D-8AB28F7703CB}.Debug|iPhone.Build.0 = Debug|Any CPU
		{235C79A0-E1C2-4F22-A52D-8AB28F7703CB}.Debug|iPhone.Deploy.0 = Debug|Any CPU
		{235C79A0-E1C2-4F22-A52D-8AB28F7703CB}.Debug|iPhoneSimulator.ActiveCfg = Debug|Any CPU
		{235C79A0-E1C2-4F22-A52D-8AB28F7703CB}.Debug|iPhoneSimulator.Build.0 = Debug|Any CPU
		{235C79A0-E1C2-4F22-A52D-8AB28F7703CB}.Debug|iPhoneSimulator.Deploy.0 = Debug|Any CPU
		{235C79A0-E1C2-4F22-A52D-8AB28F7703CB}.Release|Any CPU.ActiveCfg = Release|Any CPU
		{235C79A0-E1C2-4F22-A52D-8AB28F7703CB}.Release|Any CPU.Build.0 = Release|Any CPU
		{235C79A0-E1C2-4F22-A52D-8AB28F7703CB}.Release|Any CPU.Deploy.0 = Release|Any CPU
		{235C79A0-E1C2-4F22-A52D-8AB28F7703CB}.Release|iPhone.ActiveCfg = Release|Any CPU
		{235C79A0-E1C2-4F22-A52D-8AB28F7703CB}.Release|iPhone.Build.0 = Release|Any CPU
		{235C79A0-E1C2-4F22-A52D-8AB28F7703CB}.Release|iPhone.Deploy.0 = Release|Any CPU
		{235C79A0-E1C2-4F22-A52D-8AB28F7703CB}.Release|iPhoneSimulator.ActiveCfg = Release|Any CPU
		{235C79A0-E1C2-4F22-A52D-8AB28F7703CB}.Release|iPhoneSimulator.Build.0 = Release|Any CPU
		{235C79A0-E1C2-4F22-A52D-8AB28F7703CB}.Release|iPhoneSimulator.Deploy.0 = Release|Any CPU
	EndGlobalSection
	GlobalSection(SolutionProperties) = preSolution
		HideSolutionNode = FALSE
	EndGlobalSection
	GlobalSection(ExtensibilityGlobals) = postSolution
		SolutionGuid = {09F72C82-CF9F-431E-8688-03CC77F7F26D}
	EndGlobalSection
EndGlobal
